
Microsoft Visual Studio Solution File, Format Version 12.00
# Visual Studio Version 17
VisualStudioVersion = 17.0.31903.59
MinimumVisualStudioVersion = 10.0.40219.1
Project("{2150E333-8FDC-42A3-9474-1A3956D46DE8}") = "src", "src", "{827E0CD3-B72D-47B6-A68D-7590B98EB39B}"
EndProject
Project("{FAE04EC0-301F-11D3-BF4B-00C04F79EFBC}") = "FoToolbox.Host", "src\FoToolbox.Host\FoToolbox.Host.csproj", "{E7F64567-0DE3-4007-9BDC-43CCAE734F96}"
EndProject
Project("{FAE04EC0-301F-11D3-BF4B-00C04F79EFBC}") = "FoToolbox.SDK", "src\FoToolbox.SDK\FoToolbox.SDK.csproj", "{7C898273-C76B-4D58-959A-B2B540F5EA48}"
EndProject
Project("{FAE04EC0-301F-11D3-BF4B-00C04F79EFBC}") = "FoToolbox.Core", "src\FoToolbox.Core\FoToolbox.Core.csproj", "{26F6F6EB-7433-40CB-8018-327D468074D1}"
EndProject
Project("{2150E333-8FDC-42A3-9474-1A3956D46DE8}") = "plugins", "plugins", "{07D57EEB-2F50-60C4-C011-FE4FA775C9A8}"
EndProject
Project("{FAE04EC0-301F-11D3-BF4B-00C04F79EFBC}") = "HelloPlugin", "plugins\HelloPlugin\HelloPlugin.csproj", "{F1C197AD-C140-4B87-949F-1A33B4CAD9C6}"
EndProject
Project("{2150E333-8FDC-42A3-9474-1A3956D46DE8}") = "tests", "tests", "{0AB3BF05-4346-4AA6-1389-037BE0695223}"
EndProject
Project("{FAE04EC0-301F-11D3-BF4B-00C04F79EFBC}") = "FoToolbox.Tests", "tests\FoToolbox.Tests\FoToolbox.Tests.csproj", "{9647FA13-3CCA-4ABA-AA45-EE1C4B144A76}"
EndProject
Project("{FAE04EC0-301F-11D3-BF4B-00C04F79EFBC}") = "QueryBuilder", "plugins\QueryBuilder\QueryBuilder.csproj", "{F66D6133-FAF2-495C-A2AC-B729E530F6C5}"
EndProject
Project("{FAE04EC0-301F-11D3-BF4B-00C04F79EFBC}") = "TableEntityBrowser", "plugins\TableEntityBrowser\TableEntityBrowser.csproj", "{E9E5FBB5-36DF-4A83-B62E-3E05B1C44615}"
EndProject
Project("{FAE04EC0-301F-11D3-BF4B-00C04F79EFBC}") = "ODataPostBuilder", "plugins\ODataPostBuilder\ODataPostBuilder.csproj", "{C3B85928-03CF-40CA-A240-28B6C5062CB9}"
EndProject
Project("{FAE04EC0-301F-11D3-BF4B-00C04F79EFBC}") = "DualWriteMapBrowser", "plugins\DualWriteMapBrowser\DualWriteMapBrowser.csproj", "{A2C2CE31-8A3D-4E71-9577-5DE3C403E217}"
EndProject
Project("{FAE04EC0-301F-11D3-BF4B-00C04F79EFBC}") = "DualWriteOperations", "plugins\DualWriteOperations\DualWriteOperations.csproj", "{74B46C22-AEEE-422E-88CC-938ED33A830B}"
EndProject
Project("{FAE04EC0-301F-11D3-BF4B-00C04F79EFBC}") = "DualWriteCompare", "plugins\DualWriteCompare\DualWriteCompare.csproj", "{2060C473-5588-436D-92F6-0E301F788521}"
EndProject
Project("{FAE04EC0-301F-11D3-BF4B-00C04F79EFBC}") = "FoToolbox.UiTests", "tests\FoToolbox.UiTests\FoToolbox.UiTests.csproj", "{CEAB0E7F-B7D7-40AB-8C20-A603438C5C7A}"
EndProject
Project("{FAE04EC0-301F-11D3-BF4B-00C04F79EFBC}") = "FoToolbox.E2eTests", "tests\FoToolbox.E2eTests\FoToolbox.E2eTests.csproj", "{6D88DF1B-342D-48F6-83D4-21D4831588ED}"
EndProject
Global
	GlobalSection(SolutionConfigurationPlatforms) = preSolution
		Debug|Any CPU = Debug|Any CPU
		Debug|x64 = Debug|x64
		Debug|x86 = Debug|x86
		Release|Any CPU = Release|Any CPU
		Release|x64 = Release|x64
		Release|x86 = Release|x86
	EndGlobalSection
	GlobalSection(ProjectConfigurationPlatforms) = postSolution
		{E7F64567-0DE3-4007-9BDC-43CCAE734F96}.Debug|Any CPU.ActiveCfg = Debug|Any CPU
		{E7F64567-0DE3-4007-9BDC-43CCAE734F96}.Debug|Any CPU.Build.0 = Debug|Any CPU
		{E7F64567-0DE3-4007-9BDC-43CCAE734F96}.Debug|x64.ActiveCfg = Debug|Any CPU
		{E7F64567-0DE3-4007-9BDC-43CCAE734F96}.Debug|x64.Build.0 = Debug|Any CPU
		{E7F64567-0DE3-4007-9BDC-43CCAE734F96}.Debug|x86.ActiveCfg = Debug|Any CPU
		{E7F64567-0DE3-4007-9BDC-43CCAE734F96}.Debug|x86.Build.0 = Debug|Any CPU
		{E7F64567-0DE3-4007-9BDC-43CCAE734F96}.Release|Any CPU.ActiveCfg = Release|Any CPU
		{E7F64567-0DE3-4007-9BDC-43CCAE734F96}.Release|Any CPU.Build.0 = Release|Any CPU
		{E7F64567-0DE3-4007-9BDC-43CCAE734F96}.Release|x64.ActiveCfg = Release|Any CPU
		{E7F64567-0DE3-4007-9BDC-43CCAE734F96}.Release|x64.Build.0 = Release|Any CPU
		{E7F64567-0DE3-4007-9BDC-43CCAE734F96}.Release|x86.ActiveCfg = Release|Any CPU
		{E7F64567-0DE3-4007-9BDC-43CCAE734F96}.Release|x86.Build.0 = Release|Any CPU
		{7C898273-C76B-4D58-959A-B2B540F5EA48}.Debug|Any CPU.ActiveCfg = Debug|Any CPU
		{7C898273-C76B-4D58-959A-B2B540F5EA48}.Debug|Any CPU.Build.0 = Debug|Any CPU
		{7C898273-C76B-4D58-959A-B2B540F5EA48}.Debug|x64.ActiveCfg = Debug|Any CPU
		{7C898273-C76B-4D58-959A-B2B540F5EA48}.Debug|x64.Build.0 = Debug|Any CPU
		{7C898273-C76B-4D58-959A-B2B540F5EA48}.Debug|x86.ActiveCfg = Debug|Any CPU
		{7C898273-C76B-4D58-959A-B2B540F5EA48}.Debug|x86.Build.0 = Debug|Any CPU
		{7C898273-C76B-4D58-959A-B2B540F5EA48}.Release|Any CPU.ActiveCfg = Release|Any CPU
		{7C898273-C76B-4D58-959A-B2B540F5EA48}.Release|Any CPU.Build.0 = Release|Any CPU
		{7C898273-C76B-4D58-959A-B2B540F5EA48}.Release|x64.ActiveCfg = Release|Any CPU
		{7C898273-C76B-4D58-959A-B2B540F5EA48}.Release|x64.Build.0 = Release|Any CPU
		{7C898273-C76B-4D58-959A-B2B540F5EA48}.Release|x86.ActiveCfg = Release|Any CPU
		{7C898273-C76B-4D58-959A-B2B540F5EA48}.Release|x86.Build.0 = Release|Any CPU
		{26F6F6EB-7433-40CB-8018-327D468074D1}.Debug|Any CPU.ActiveCfg = Debug|Any CPU
		{26F6F6EB-7433-40CB-8018-327D468074D1}.Debug|Any CPU.Build.0 = Debug|Any CPU
		{26F6F6EB-7433-40CB-8018-327D468074D1}.Debug|x64.ActiveCfg = Debug|Any CPU
		{26F6F6EB-7433-40CB-8018-327D468074D1}.Debug|x64.Build.0 = Debug|Any CPU
		{26F6F6EB-7433-40CB-8018-327D468074D1}.Debug|x86.ActiveCfg = Debug|Any CPU
		{26F6F6EB-7433-40CB-8018-327D468074D1}.Debug|x86.Build.0 = Debug|Any CPU
		{26F6F6EB-7433-40CB-8018-327D468074D1}.Release|Any CPU.ActiveCfg = Release|Any CPU
		{26F6F6EB-7433-40CB-8018-327D468074D1}.Release|Any CPU.Build.0 = Release|Any CPU
		{26F6F6EB-7433-40CB-8018-327D468074D1}.Release|x64.ActiveCfg = Release|Any CPU
		{26F6F6EB-7433-40CB-8018-327D468074D1}.Release|x64.Build.0 = Release|Any CPU
		{26F6F6EB-7433-40CB-8018-327D468074D1}.Release|x86.ActiveCfg = Release|Any CPU
		{26F6F6EB-7433-40CB-8018-327D468074D1}.Release|x86.Build.0 = Release|Any CPU
		{F1C197AD-C140-4B87-949F-1A33B4CAD9C6}.Debug|Any CPU.ActiveCfg = Debug|Any CPU
		{F1C197AD-C140-4B87-949F-1A33B4CAD9C6}.Debug|Any CPU.Build.0 = Debug|Any CPU
		{F1C197AD-C140-4B87-949F-1A33B4CAD9C6}.Debug|x64.ActiveCfg = Debug|Any CPU
		{F1C197AD-C140-4B87-949F-1A33B4CAD9C6}.Debug|x64.Build.0 = Debug|Any CPU
		{F1C197AD-C140-4B87-949F-1A33B4CAD9C6}.Debug|x86.ActiveCfg = Debug|Any CPU
		{F1C197AD-C140-4B87-949F-1A33B4CAD9C6}.Debug|x86.Build.0 = Debug|Any CPU
		{F1C197AD-C140-4B87-949F-1A33B4CAD9C6}.Release|Any CPU.ActiveCfg = Release|Any CPU
		{F1C197AD-C140-4B87-949F-1A33B4CAD9C6}.Release|Any CPU.Build.0 = Release|Any CPU
		{F1C197AD-C140-4B87-949F-1A33B4CAD9C6}.Release|x64.ActiveCfg = Release|Any CPU
		{F1C197AD-C140-4B87-949F-1A33B4CAD9C6}.Release|x64.Build.0 = Release|Any CPU
		{F1C197AD-C140-4B87-949F-1A33B4CAD9C6}.Release|x86.ActiveCfg = Release|Any CPU
		{F1C197AD-C140-4B87-949F-1A33B4CAD9C6}.Release|x86.Build.0 = Release|Any CPU
		{9647FA13-3CCA-4ABA-AA45-EE1C4B144A76}.Debug|Any CPU.ActiveCfg = Debug|Any CPU
		{9647FA13-3CCA-4ABA-AA45-EE1C4B144A76}.Debug|Any CPU.Build.0 = Debug|Any CPU
		{9647FA13-3CCA-4ABA-AA45-EE1C4B144A76}.Debug|x64.ActiveCfg = Debug|Any CPU
		{9647FA13-3CCA-4ABA-AA45-EE1C4B144A76}.Debug|x64.Build.0 = Debug|Any CPU
		{9647FA13-3CCA-4ABA-AA45-EE1C4B144A76}.Debug|x86.ActiveCfg = Debug|Any CPU
		{9647FA13-3CCA-4ABA-AA45-EE1C4B144A76}.Debug|x86.Build.0 = Debug|Any CPU
		{9647FA13-3CCA-4ABA-AA45-EE1C4B144A76}.Release|Any CPU.ActiveCfg = Release|Any CPU
		{9647FA13-3CCA-4ABA-AA45-EE1C4B144A76}.Release|Any CPU.Build.0 = Release|Any CPU
		{9647FA13-3CCA-4ABA-AA45-EE1C4B144A76}.Release|x64.ActiveCfg = Release|Any CPU
		{9647FA13-3CCA-4ABA-AA45-EE1C4B144A76}.Release|x64.Build.0 = Release|Any CPU
		{9647FA13-3CCA-4ABA-AA45-EE1C4B144A76}.Release|x86.ActiveCfg = Release|Any CPU
		{9647FA13-3CCA-4ABA-AA45-EE1C4B144A76}.Release|x86.Build.0 = Release|Any CPU
		{F66D6133-FAF2-495C-A2AC-B729E530F6C5}.Debug|Any CPU.ActiveCfg = Debug|Any CPU
		{F66D6133-FAF2-495C-A2AC-B729E530F6C5}.Debug|Any CPU.Build.0 = Debug|Any CPU
		{F66D6133-FAF2-495C-A2AC-B729E530F6C5}.Debug|x64.ActiveCfg = Debug|Any CPU
		{F66D6133-FAF2-495C-A2AC-B729E530F6C5}.Debug|x64.Build.0 = Debug|Any CPU
		{F66D6133-FAF2-495C-A2AC-B729E530F6C5}.Debug|x86.ActiveCfg = Debug|Any CPU
		{F66D6133-FAF2-495C-A2AC-B729E530F6C5}.Debug|x86.Build.0 = Debug|Any CPU
		{F66D6133-FAF2-495C-A2AC-B729E530F6C5}.Release|Any CPU.ActiveCfg = Release|Any CPU
		{F66D6133-FAF2-495C-A2AC-B729E530F6C5}.Release|Any CPU.Build.0 = Release|Any CPU
		{F66D6133-FAF2-495C-A2AC-B729E530F6C5}.Release|x64.ActiveCfg = Release|Any CPU
		{F66D6133-FAF2-495C-A2AC-B729E530F6C5}.Release|x64.Build.0 = Release|Any CPU
		{F66D6133-FAF2-495C-A2AC-B729E530F6C5}.Release|x86.ActiveCfg = Release|Any CPU
		{F66D6133-FAF2-495C-A2AC-B729E530F6C5}.Release|x86.Build.0 = Release|Any CPU
		{E9E5FBB5-36DF-4A83-B62E-3E05B1C44615}.Debug|Any CPU.ActiveCfg = Debug|Any CPU
		{E9E5FBB5-36DF-4A83-B62E-3E05B1C44615}.Debug|Any CPU.Build.0 = Debug|Any CPU
		{E9E5FBB5-36DF-4A83-B62E-3E05B1C44615}.Debug|x64.ActiveCfg = Debug|Any CPU
		{E9E5FBB5-36DF-4A83-B62E-3E05B1C44615}.Debug|x64.Build.0 = Debug|Any CPU
		{E9E5FBB5-36DF-4A83-B62E-3E05B1C44615}.Debug|x86.ActiveCfg = Debug|Any CPU
		{E9E5FBB5-36DF-4A83-B62E-3E05B1C44615}.Debug|x86.Build.0 = Debug|Any CPU
		{E9E5FBB5-36DF-4A83-B62E-3E05B1C44615}.Release|Any CPU.ActiveCfg = Release|Any CPU
		{E9E5FBB5-36DF-4A83-B62E-3E05B1C44615}.Release|Any CPU.Build.0 = Release|Any CPU
		{E9E5FBB5-36DF-4A83-B62E-3E05B1C44615}.Release|x64.ActiveCfg = Release|Any CPU
		{E9E5FBB5-36DF-4A83-B62E-3E05B1C44615}.Release|x64.Build.0 = Release|Any CPU
		{E9E5FBB5-36DF-4A83-B62E-3E05B1C44615}.Release|x86.ActiveCfg = Release|Any CPU
		{E9E5FBB5-36DF-4A83-B62E-3E05B1C44615}.Release|x86.Build.0 = Release|Any CPU
		{C3B85928-03CF-40CA-A240-28B6C5062CB9}.Debug|Any CPU.ActiveCfg = Debug|Any CPU
		{C3B85928-03CF-40CA-A240-28B6C5062CB9}.Debug|Any CPU.Build.0 = Debug|Any CPU
		{C3B85928-03CF-40CA-A240-28B6C5062CB9}.Debug|x64.ActiveCfg = Debug|Any CPU
		{C3B85928-03CF-40CA-A240-28B6C5062CB9}.Debug|x64.Build.0 = Debug|Any CPU
		{C3B85928-03CF-40CA-A240-28B6C5062CB9}.Debug|x86.ActiveCfg = Debug|Any CPU
		{C3B85928-03CF-40CA-A240-28B6C5062CB9}.Debug|x86.Build.0 = Debug|Any CPU
		{C3B85928-03CF-40CA-A240-28B6C5062CB9}.Release|Any CPU.ActiveCfg = Release|Any CPU
		{C3B85928-03CF-40CA-A240-28B6C5062CB9}.Release|Any CPU.Build.0 = Release|Any CPU
		{C3B85928-03CF-40CA-A240-28B6C5062CB9}.Release|x64.ActiveCfg = Release|Any CPU
		{C3B85928-03CF-40CA-A240-28B6C5062CB9}.Release|x64.Build.0 = Release|Any CPU
		{C3B85928-03CF-40CA-A240-28B6C5062CB9}.Release|x86.ActiveCfg = Release|Any CPU
		{C3B85928-03CF-40CA-A240-28B6C5062CB9}.Release|x86.Build.0 = Release|Any CPU
		{A2C2CE31-8A3D-4E71-9577-5DE3C403E217}.Debug|Any CPU.ActiveCfg = Debug|Any CPU
		{A2C2CE31-8A3D-4E71-9577-5DE3C403E217}.Debug|Any CPU.Build.0 = Debug|Any CPU
		{A2C2CE31-8A3D-4E71-9577-5DE3C403E217}.Debug|x64.ActiveCfg = Debug|Any CPU
		{A2C2CE31-8A3D-4E71-9577-5DE3C403E217}.Debug|x64.Build.0 = Debug|Any CPU
		{A2C2CE31-8A3D-4E71-9577-5DE3C403E217}.Debug|x86.ActiveCfg = Debug|Any CPU
		{A2C2CE31-8A3D-4E71-9577-5DE3C403E217}.Debug|x86.Build.0 = Debug|Any CPU
		{A2C2CE31-8A3D-4E71-9577-5DE3C403E217}.Release|Any CPU.ActiveCfg = Release|Any CPU
		{A2C2CE31-8A3D-4E71-9577-5DE3C403E217}.Release|Any CPU.Build.0 = Release|Any CPU
		{A2C2CE31-8A3D-4E71-9577-5DE3C403E217}.Release|x64.ActiveCfg = Release|Any CPU
		{A2C2CE31-8A3D-4E71-9577-5DE3C403E217}.Release|x64.Build.0 = Release|Any CPU
		{A2C2CE31-8A3D-4E71-9577-5DE3C403E217}.Release|x86.ActiveCfg = Release|Any CPU
		{A2C2CE31-8A3D-4E71-9577-5DE3C403E217}.Release|x86.Build.0 = Release|Any CPU
		{74B46C22-AEEE-422E-88CC-938ED33A830B}.Debug|Any CPU.ActiveCfg = Debug|Any CPU
		{74B46C22-AEEE-422E-88CC-938ED33A830B}.Debug|Any CPU.Build.0 = Debug|Any CPU
		{74B46C22-AEEE-422E-88CC-938ED33A830B}.Debug|x64.ActiveCfg = Debug|Any CPU
		{74B46C22-AEEE-422E-88CC-938ED33A830B}.Debug|x64.Build.0 = Debug|Any CPU
		{74B46C22-AEEE-422E-88CC-938ED33A830B}.Debug|x86.ActiveCfg = Debug|Any CPU
		{74B46C22-AEEE-422E-88CC-938ED33A830B}.Debug|x86.Build.0 = Debug|Any CPU
		{74B46C22-AEEE-422E-88CC-938ED33A830B}.Release|Any CPU.ActiveCfg = Release|Any CPU
		{74B46C22-AEEE-422E-88CC-938ED33A830B}.Release|Any CPU.Build.0 = Release|Any CPU
		{74B46C22-AEEE-422E-88CC-938ED33A830B}.Release|x64.ActiveCfg = Release|Any CPU
		{74B46C22-AEEE-422E-88CC-938ED33A830B}.Release|x64.Build.0 = Release|Any CPU
		{74B46C22-AEEE-422E-88CC-938ED33A830B}.Release|x86.ActiveCfg = Release|Any CPU
		{74B46C22-AEEE-422E-88CC-938ED33A830B}.Release|x86.Build.0 = Release|Any CPU
		{2060C473-5588-436D-92F6-0E301F788521}.Debug|Any CPU.ActiveCfg = Debug|Any CPU
		{2060C473-5588-436D-92F6-0E301F788521}.Debug|Any CPU.Build.0 = Debug|Any CPU
		{2060C473-5588-436D-92F6-0E301F788521}.Debug|x64.ActiveCfg = Debug|Any CPU
		{2060C473-5588-436D-92F6-0E301F788521}.Debug|x64.Build.0 = Debug|Any CPU
		{2060C473-5588-436D-92F6-0E301F788521}.Debug|x86.ActiveCfg = Debug|Any CPU
		{2060C473-5588-436D-92F6-0E301F788521}.Debug|x86.Build.0 = Debug|Any CPU
		{2060C473-5588-436D-92F6-0E301F788521}.Release|Any CPU.ActiveCfg = Release|Any CPU
		{2060C473-5588-436D-92F6-0E301F788521}.Release|Any CPU.Build.0 = Release|Any CPU
		{2060C473-5588-436D-92F6-0E301F788521}.Release|x64.ActiveCfg = Release|Any CPU
		{2060C473-5588-436D-92F6-0E301F788521}.Release|x64.Build.0 = Release|Any CPU
		{2060C473-5588-436D-92F6-0E301F788521}.Release|x86.ActiveCfg = Release|Any CPU
		{2060C473-5588-436D-92F6-0E301F788521}.Release|x86.Build.0 = Release|Any CPU
		{CEAB0E7F-B7D7-40AB-8C20-A603438C5C7A}.Debug|Any CPU.ActiveCfg = Debug|Any CPU
		{CEAB0E7F-B7D7-40AB-8C20-A603438C5C7A}.Debug|Any CPU.Build.0 = Debug|Any CPU
		{CEAB0E7F-B7D7-40AB-8C20-A603438C5C7A}.Debug|x64.ActiveCfg = Debug|Any CPU
		{CEAB0E7F-B7D7-40AB-8C20-A603438C5C7A}.Debug|x64.Build.0 = Debug|Any CPU
		{CEAB0E7F-B7D7-40AB-8C20-A603438C5C7A}.Debug|x86.ActiveCfg = Debug|Any CPU
		{CEAB0E7F-B7D7-40AB-8C20-A603438C5C7A}.Debug|x86.Build.0 = Debug|Any CPU
		{CEAB0E7F-B7D7-40AB-8C20-A603438C5C7A}.Release|Any CPU.ActiveCfg = Release|Any CPU
		{CEAB0E7F-B7D7-40AB-8C20-A603438C5C7A}.Release|Any CPU.Build.0 = Release|Any CPU
		{CEAB0E7F-B7D7-40AB-8C20-A603438C5C7A}.Release|x64.ActiveCfg = Release|Any CPU
		{CEAB0E7F-B7D7-40AB-8C20-A603438C5C7A}.Release|x64.Build.0 = Release|Any CPU
		{CEAB0E7F-B7D7-40AB-8C20-A603438C5C7A}.Release|x86.ActiveCfg = Release|Any CPU
		{CEAB0E7F-B7D7-40AB-8C20-A603438C5C7A}.Release|x86.Build.0 = Release|Any CPU
		{6D88DF1B-342D-48F6-83D4-21D4831588ED}.Debug|Any CPU.ActiveCfg = Debug|Any CPU
		{6D88DF1B-342D-48F6-83D4-21D4831588ED}.Debug|Any CPU.Build.0 = Debug|Any CPU
		{6D88DF1B-342D-48F6-83D4-21D4831588ED}.Debug|x64.ActiveCfg = Debug|Any CPU
		{6D88DF1B-342D-48F6-83D4-21D4831588ED}.Debug|x64.Build.0 = Debug|Any CPU
		{6D88DF1B-342D-48F6-83D4-21D4831588ED}.Debug|x86.ActiveCfg = Debug|Any CPU
		{6D88DF1B-342D-48F6-83D4-21D4831588ED}.Debug|x86.Build.0 = Debug|Any CPU
		{6D88DF1B-342D-48F6-83D4-21D4831588ED}.Release|Any CPU.ActiveCfg = Release|Any CPU
		{6D88DF1B-342D-48F6-83D4-21D4831588ED}.Release|Any CPU.Build.0 = Release|Any CPU
		{6D88DF1B-342D-48F6-83D4-21D4831588ED}.Release|x64.ActiveCfg = Release|Any CPU
		{6D88DF1B-342D-48F6-83D4-21D4831588ED}.Release|x64.Build.0 = Release|Any CPU
		{6D88DF1B-342D-48F6-83D4-21D4831588ED}.Release|x86.ActiveCfg = Release|Any CPU
		{6D88DF1B-342D-48F6-83D4-21D4831588ED}.Release|x86.Build.0 = Release|Any CPU
	EndGlobalSection
	GlobalSection(SolutionProperties) = preSolution
		HideSolutionNode = FALSE
	EndGlobalSection
	GlobalSection(NestedProjects) = preSolution
		{E7F64567-0DE3-4007-9BDC-43CCAE734F96} = {827E0CD3-B72D-47B6-A68D-7590B98EB39B}
		{7C898273-C76B-4D58-959A-B2B540F5EA48} = {827E0CD3-B72D-47B6-A68D-7590B98EB39B}
		{26F6F6EB-7433-40CB-8018-327D468074D1} = {827E0CD3-B72D-47B6-A68D-7590B98EB39B}
		{F1C197AD-C140-4B87-949F-1A33B4CAD9C6} = {07D57EEB-2F50-60C4-C011-FE4FA775C9A8}
		{9647FA13-3CCA-4ABA-AA45-EE1C4B144A76} = {0AB3BF05-4346-4AA6-1389-037BE0695223}
		{F66D6133-FAF2-495C-A2AC-B729E530F6C5} = {07D57EEB-2F50-60C4-C011-FE4FA775C9A8}
		{E9E5FBB5-36DF-4A83-B62E-3E05B1C44615} = {07D57EEB-2F50-60C4-C011-FE4FA775C9A8}
		{C3B85928-03CF-40CA-A240-28B6C5062CB9} = {07D57EEB-2F50-60C4-C011-FE4FA775C9A8}
		{A2C2CE31-8A3D-4E71-9577-5DE3C403E217} = {07D57EEB-2F50-60C4-C011-FE4FA775C9A8}
		{74B46C22-AEEE-422E-88CC-938ED33A830B} = {07D57EEB-2F50-60C4-C011-FE4FA775C9A8}
		{2060C473-5588-436D-92F6-0E301F788521} = {07D57EEB-2F50-60C4-C011-FE4FA775C9A8}
		{CEAB0E7F-B7D7-40AB-8C20-A603438C5C7A} = {0AB3BF05-4346-4AA6-1389-037BE0695223}
		{6D88DF1B-342D-48F6-83D4-21D4831588ED} = {0AB3BF05-4346-4AA6-1389-037BE0695223}
	EndGlobalSection
EndGlobal
